// !$*UTF8*$!
{
	archiveVersion = 1;
	classes = {
	};
	objectVersion = 46;
	objects = {

/* Begin PBXBuildFile section */
		1CB73B7C1C0A130E00BEC758 /* SECinemaModel.swift in Sources */ = {isa = PBXBuildFile; fileRef = 1CB73B7B1C0A130E00BEC758 /* SECinemaModel.swift */; };
		1CB73B7F1C0A135600BEC758 /* SECinemaCell.swift in Sources */ = {isa = PBXBuildFile; fileRef = 1CB73B7D1C0A135600BEC758 /* SECinemaCell.swift */; };
		1CB73B801C0A135600BEC758 /* SECinemaCell.xib in Resources */ = {isa = PBXBuildFile; fileRef = 1CB73B7E1C0A135600BEC758 /* SECinemaCell.xib */; };
		2056E52B59A97ACB4FD32E4E /* Pods_NetEaseMoive.framework in Frameworks */ = {isa = PBXBuildFile; fileRef = D2FE29AD3F551A4518D021EF /* Pods_NetEaseMoive.framework */; };
		D90721EB1C09D92E0091170A /* AppDelegate.swift in Sources */ = {isa = PBXBuildFile; fileRef = D90721EA1C09D92E0091170A /* AppDelegate.swift */; };
		D90721F21C09D92E0091170A /* Assets.xcassets in Resources */ = {isa = PBXBuildFile; fileRef = D90721F11C09D92E0091170A /* Assets.xcassets */; };
		D929E3C01C09EA6600B43B82 /* CinemaViewController.swift in Sources */ = {isa = PBXBuildFile; fileRef = D929E3BE1C09EA6600B43B82 /* CinemaViewController.swift */; };
		D929E3C11C09EA6600B43B82 /* CinemaViewController.xib in Resources */ = {isa = PBXBuildFile; fileRef = D929E3BF1C09EA6600B43B82 /* CinemaViewController.xib */; };
		D929E3C41C09EA7C00B43B82 /* DiscoveryViewController.swift in Sources */ = {isa = PBXBuildFile; fileRef = D929E3C21C09EA7C00B43B82 /* DiscoveryViewController.swift */; };
		D929E3C51C09EA7C00B43B82 /* DiscoveryViewController.xib in Resources */ = {isa = PBXBuildFile; fileRef = D929E3C31C09EA7C00B43B82 /* DiscoveryViewController.xib */; };
		D929E3C81C09EA9F00B43B82 /* MovieViewController.swift in Sources */ = {isa = PBXBuildFile; fileRef = D929E3C61C09EA9F00B43B82 /* MovieViewController.swift */; };
		D929E3C91C09EA9F00B43B82 /* MovieViewController.xib in Resources */ = {isa = PBXBuildFile; fileRef = D929E3C71C09EA9F00B43B82 /* MovieViewController.xib */; };
		D929E3CC1C09EAB300B43B82 /* SettingViewController.swift in Sources */ = {isa = PBXBuildFile; fileRef = D929E3CA1C09EAB300B43B82 /* SettingViewController.swift */; };
		D929E3CD1C09EAB300B43B82 /* SettingViewController.xib in Resources */ = {isa = PBXBuildFile; fileRef = D929E3CB1C09EAB300B43B82 /* SettingViewController.xib */; };
		D929E3CF1C09EB9D00B43B82 /* SETabbarViewController.swift in Sources */ = {isa = PBXBuildFile; fileRef = D929E3CE1C09EB9D00B43B82 /* SETabbarViewController.swift */; };
		D929E3D21C09ED8A00B43B82 /* SENavViewController.swift in Sources */ = {isa = PBXBuildFile; fileRef = D929E3D11C09ED8A00B43B82 /* SENavViewController.swift */; };
		D929E3D41C0A010F00B43B82 /* SEMoiveModel.swift in Sources */ = {isa = PBXBuildFile; fileRef = D929E3D31C0A010F00B43B82 /* SEMoiveModel.swift */; };
		D93FE2041C0A3A84005A1972 /* SEMovieTableViewCell.swift in Sources */ = {isa = PBXBuildFile; fileRef = D93FE2021C0A3A84005A1972 /* SEMovieTableViewCell.swift */; };
		D93FE2051C0A3A84005A1972 /* SEMovieTableViewCell.xib in Resources */ = {isa = PBXBuildFile; fileRef = D93FE2031C0A3A84005A1972 /* SEMovieTableViewCell.xib */; };
		D950C81B1C0A9F0F00FB2944 /* Info.plist in Resources */ = {isa = PBXBuildFile; fileRef = D950C8181C0A9F0F00FB2944 /* Info.plist */; };
		D950C81C1C0A9F0F00FB2944 /* SwiftColors.swift in Sources */ = {isa = PBXBuildFile; fileRef = D950C81A1C0A9F0F00FB2944 /* SwiftColors.swift */; };
		D99F47EF1C0B1D7C00671F0C /* DGRunkeeperSwitch.swift in Sources */ = {isa = PBXBuildFile; fileRef = D99F47EE1C0B1D7C00671F0C /* DGRunkeeperSwitch.swift */; };
		D99F47F11C0B239600671F0C /* SEUIConfigCenter.swift in Sources */ = {isa = PBXBuildFile; fileRef = D99F47F01C0B239600671F0C /* SEUIConfigCenter.swift */; };
/* End PBXBuildFile section */

/* Begin PBXFileReference section */
		1CB73B7B1C0A130E00BEC758 /* SECinemaModel.swift */ = {isa = PBXFileReference; fileEncoding = 4; lastKnownFileType = sourcecode.swift; name = SECinemaModel.swift; path = NetEaseMoive/Cinema/Controller/SECinemaModel.swift; sourceTree = SOURCE_ROOT; };
		1CB73B7D1C0A135600BEC758 /* SECinemaCell.swift */ = {isa = PBXFileReference; fileEncoding = 4; lastKnownFileType = sourcecode.swift; name = SECinemaCell.swift; path = NetEaseMoive/Cinema/SECinemaCell.swift; sourceTree = SOURCE_ROOT; };
		1CB73B7E1C0A135600BEC758 /* SECinemaCell.xib */ = {isa = PBXFileReference; fileEncoding = 4; lastKnownFileType = file.xib; name = SECinemaCell.xib; path = NetEaseMoive/Cinema/SECinemaCell.xib; sourceTree = SOURCE_ROOT; };
		99B9FCE187A5AFF071275A92 /* Pods-NetEaseMoive.debug.xcconfig */ = {isa = PBXFileReference; includeInIndex = 1; lastKnownFileType = text.xcconfig; name = "Pods-NetEaseMoive.debug.xcconfig"; path = "Pods/Target Support Files/Pods-NetEaseMoive/Pods-NetEaseMoive.debug.xcconfig"; sourceTree = "<group>"; };
		D2FE29AD3F551A4518D021EF /* Pods_NetEaseMoive.framework */ = {isa = PBXFileReference; explicitFileType = wrapper.framework; includeInIndex = 0; path = Pods_NetEaseMoive.framework; sourceTree = BUILT_PRODUCTS_DIR; };
		D90721E71C09D92E0091170A /* NetEaseMoive.app */ = {isa = PBXFileReference; explicitFileType = wrapper.application; includeInIndex = 0; path = NetEaseMoive.app; sourceTree = BUILT_PRODUCTS_DIR; };
		D90721EA1C09D92E0091170A /* AppDelegate.swift */ = {isa = PBXFileReference; lastKnownFileType = sourcecode.swift; path = AppDelegate.swift; sourceTree = "<group>"; };
		D90721F11C09D92E0091170A /* Assets.xcassets */ = {isa = PBXFileReference; lastKnownFileType = folder.assetcatalog; path = Assets.xcassets; sourceTree = "<group>"; };
		D90721F61C09D92E0091170A /* Info.plist */ = {isa = PBXFileReference; lastKnownFileType = text.plist.xml; path = Info.plist; sourceTree = "<group>"; };
		D929E3BE1C09EA6600B43B82 /* CinemaViewController.swift */ = {isa = PBXFileReference; fileEncoding = 4; lastKnownFileType = sourcecode.swift; path = CinemaViewController.swift; sourceTree = "<group>"; };
		D929E3BF1C09EA6600B43B82 /* CinemaViewController.xib */ = {isa = PBXFileReference; fileEncoding = 4; lastKnownFileType = file.xib; path = CinemaViewController.xib; sourceTree = "<group>"; };
		D929E3C21C09EA7C00B43B82 /* DiscoveryViewController.swift */ = {isa = PBXFileReference; fileEncoding = 4; lastKnownFileType = sourcecode.swift; path = DiscoveryViewController.swift; sourceTree = "<group>"; };
		D929E3C31C09EA7C00B43B82 /* DiscoveryViewController.xib */ = {isa = PBXFileReference; fileEncoding = 4; lastKnownFileType = file.xib; path = DiscoveryViewController.xib; sourceTree = "<group>"; };
		D929E3C61C09EA9F00B43B82 /* MovieViewController.swift */ = {isa = PBXFileReference; fileEncoding = 4; lastKnownFileType = sourcecode.swift; path = MovieViewController.swift; sourceTree = "<group>"; };
		D929E3C71C09EA9F00B43B82 /* MovieViewController.xib */ = {isa = PBXFileReference; fileEncoding = 4; lastKnownFileType = file.xib; path = MovieViewController.xib; sourceTree = "<group>"; };
		D929E3CA1C09EAB300B43B82 /* SettingViewController.swift */ = {isa = PBXFileReference; fileEncoding = 4; lastKnownFileType = sourcecode.swift; path = SettingViewController.swift; sourceTree = "<group>"; };
		D929E3CB1C09EAB300B43B82 /* SettingViewController.xib */ = {isa = PBXFileReference; fileEncoding = 4; lastKnownFileType = file.xib; path = SettingViewController.xib; sourceTree = "<group>"; };
		D929E3CE1C09EB9D00B43B82 /* SETabbarViewController.swift */ = {isa = PBXFileReference; fileEncoding = 4; lastKnownFileType = sourcecode.swift; path = SETabbarViewController.swift; sourceTree = "<group>"; };
		D929E3D11C09ED8A00B43B82 /* SENavViewController.swift */ = {isa = PBXFileReference; fileEncoding = 4; lastKnownFileType = sourcecode.swift; path = SENavViewController.swift; sourceTree = "<group>"; };
		D929E3D31C0A010F00B43B82 /* SEMoiveModel.swift */ = {isa = PBXFileReference; fileEncoding = 4; lastKnownFileType = sourcecode.swift; path = SEMoiveModel.swift; sourceTree = "<group>"; };
		D93FE2021C0A3A84005A1972 /* SEMovieTableViewCell.swift */ = {isa = PBXFileReference; fileEncoding = 4; lastKnownFileType = sourcecode.swift; path = SEMovieTableViewCell.swift; sourceTree = "<group>"; };
		D93FE2031C0A3A84005A1972 /* SEMovieTableViewCell.xib */ = {isa = PBXFileReference; fileEncoding = 4; lastKnownFileType = file.xib; path = SEMovieTableViewCell.xib; sourceTree = "<group>"; };
		D950C8181C0A9F0F00FB2944 /* Info.plist */ = {isa = PBXFileReference; fileEncoding = 4; lastKnownFileType = text.plist.xml; path = Info.plist; sourceTree = "<group>"; };
		D950C8191C0A9F0F00FB2944 /* SwiftColors.h */ = {isa = PBXFileReference; fileEncoding = 4; lastKnownFileType = sourcecode.c.h; path = SwiftColors.h; sourceTree = "<group>"; };
		D950C81A1C0A9F0F00FB2944 /* SwiftColors.swift */ = {isa = PBXFileReference; fileEncoding = 4; lastKnownFileType = sourcecode.swift; path = SwiftColors.swift; sourceTree = "<group>"; };
		D96DC5601C0A157C00569369 /* NetEaseMoive-Bridging-Header.h */ = {isa = PBXFileReference; fileEncoding = 4; lastKnownFileType = sourcecode.c.h; path = "NetEaseMoive-Bridging-Header.h"; sourceTree = "<group>"; };
		D99F47EE1C0B1D7C00671F0C /* DGRunkeeperSwitch.swift */ = {isa = PBXFileReference; fileEncoding = 4; lastKnownFileType = sourcecode.swift; path = DGRunkeeperSwitch.swift; sourceTree = "<group>"; };
		D99F47F01C0B239600671F0C /* SEUIConfigCenter.swift */ = {isa = PBXFileReference; fileEncoding = 4; lastKnownFileType = sourcecode.swift; path = SEUIConfigCenter.swift; sourceTree = "<group>"; };
		FBDDCCC3B7EC21D55E8B2E91 /* Pods-NetEaseMoive.release.xcconfig */ = {isa = PBXFileReference; includeInIndex = 1; lastKnownFileType = text.xcconfig; name = "Pods-NetEaseMoive.release.xcconfig"; path = "Pods/Target Support Files/Pods-NetEaseMoive/Pods-NetEaseMoive.release.xcconfig"; sourceTree = "<group>"; };
/* End PBXFileReference section */

/* Begin PBXFrameworksBuildPhase section */
		D90721E41C09D92E0091170A /* Frameworks */ = {
			isa = PBXFrameworksBuildPhase;
			buildActionMask = 2147483647;
			files = (
				2056E52B59A97ACB4FD32E4E /* Pods_NetEaseMoive.framework in Frameworks */,
			);
			runOnlyForDeploymentPostprocessing = 0;
		};
/* End PBXFrameworksBuildPhase section */

/* Begin PBXGroup section */
		4B5A305C0A6CA40D32A24AC4 /* Frameworks */ = {
			isa = PBXGroup;
			children = (
				D2FE29AD3F551A4518D021EF /* Pods_NetEaseMoive.framework */,
			);
			name = Frameworks;
			sourceTree = "<group>";
		};
		5796C1BD5096532012A24459 /* Pods */ = {
			isa = PBXGroup;
			children = (
				99B9FCE187A5AFF071275A92 /* Pods-NetEaseMoive.debug.xcconfig */,
				FBDDCCC3B7EC21D55E8B2E91 /* Pods-NetEaseMoive.release.xcconfig */,
			);
			name = Pods;
			sourceTree = "<group>";
		};
		D90721DE1C09D92E0091170A = {
			isa = PBXGroup;
			children = (
				D90721E91C09D92E0091170A /* NetEaseMoive */,
				D90721E81C09D92E0091170A /* Products */,
				5796C1BD5096532012A24459 /* Pods */,
				4B5A305C0A6CA40D32A24AC4 /* Frameworks */,
			);
			sourceTree = "<group>";
		};
		D90721E81C09D92E0091170A /* Products */ = {
			isa = PBXGroup;
			children = (
				D90721E71C09D92E0091170A /* NetEaseMoive.app */,
			);
			name = Products;
			sourceTree = "<group>";
		};
		D90721E91C09D92E0091170A /* NetEaseMoive */ = {
			isa = PBXGroup;
			children = (
				D929E3D01C09ED6B00B43B82 /* Base */,
				D929E3B51C09E9F400B43B82 /* Movie */,
				D929E3AC1C09E9F400B43B82 /* Cinema */,
				D929E3B01C09E9F400B43B82 /* Discovery */,
				D929E3B91C09E9F400B43B82 /* Setting */,
				D929E3BD1C09E9F400B43B82 /* Vender */,
				D929E3B41C09E9F400B43B82 /* Helper */,
				D90721F11C09D92E0091170A /* Assets.xcassets */,
				D929E3CE1C09EB9D00B43B82 /* SETabbarViewController.swift */,
				D90721EA1C09D92E0091170A /* AppDelegate.swift */,
				D90721F61C09D92E0091170A /* Info.plist */,
			);
			path = NetEaseMoive;
			sourceTree = "<group>";
		};
		D929E3AC1C09E9F400B43B82 /* Cinema */ = {
			isa = PBXGroup;
			children = (
				D929E3AD1C09E9F400B43B82 /* Controller */,
				D929E3AE1C09E9F400B43B82 /* Model */,
				D929E3AF1C09E9F400B43B82 /* View */,
			);
			path = Cinema;
			sourceTree = "<group>";
		};
		D929E3AD1C09E9F400B43B82 /* Controller */ = {
			isa = PBXGroup;
			children = (
				D929E3BE1C09EA6600B43B82 /* CinemaViewController.swift */,
				D929E3BF1C09EA6600B43B82 /* CinemaViewController.xib */,
			);
			path = Controller;
			sourceTree = "<group>";
		};
		D929E3AE1C09E9F400B43B82 /* Model */ = {
			isa = PBXGroup;
			children = (
				1CB73B7B1C0A130E00BEC758 /* SECinemaModel.swift */,
			);
			path = Model;
			sourceTree = "<group>";
		};
		D929E3AF1C09E9F400B43B82 /* View */ = {
			isa = PBXGroup;
			children = (
				1CB73B7D1C0A135600BEC758 /* SECinemaCell.swift */,
				1CB73B7E1C0A135600BEC758 /* SECinemaCell.xib */,
			);
			path = View;
			sourceTree = "<group>";
		};
		D929E3B01C09E9F400B43B82 /* Discovery */ = {
			isa = PBXGroup;
			children = (
				D929E3B11C09E9F400B43B82 /* Controller */,
				D929E3B21C09E9F400B43B82 /* Model */,
				D929E3B31C09E9F400B43B82 /* View */,
			);
			path = Discovery;
			sourceTree = "<group>";
		};
		D929E3B11C09E9F400B43B82 /* Controller */ = {
			isa = PBXGroup;
			children = (
				D929E3C21C09EA7C00B43B82 /* DiscoveryViewController.swift */,
				D929E3C31C09EA7C00B43B82 /* DiscoveryViewController.xib */,
			);
			path = Controller;
			sourceTree = "<group>";
		};
		D929E3B21C09E9F400B43B82 /* Model */ = {
			isa = PBXGroup;
			children = (
			);
			path = Model;
			sourceTree = "<group>";
		};
		D929E3B31C09E9F400B43B82 /* View */ = {
			isa = PBXGroup;
			children = (
			);
			path = View;
			sourceTree = "<group>";
		};
		D929E3B41C09E9F400B43B82 /* Helper */ = {
			isa = PBXGroup;
			children = (
				D950C8171C0A9F0F00FB2944 /* SwiftColors */,
				D96DC5601C0A157C00569369 /* NetEaseMoive-Bridging-Header.h */,
				D99F47F01C0B239600671F0C /* SEUIConfigCenter.swift */,
			);
			path = Helper;
			sourceTree = "<group>";
		};
		D929E3B51C09E9F400B43B82 /* Movie */ = {
			isa = PBXGroup;
			children = (
				D929E3B61C09E9F400B43B82 /* Controller */,
				D929E3B71C09E9F400B43B82 /* Model */,
				D929E3B81C09E9F400B43B82 /* View */,
			);
			path = Movie;
			sourceTree = "<group>";
		};
		D929E3B61C09E9F400B43B82 /* Controller */ = {
			isa = PBXGroup;
			children = (
				D929E3C61C09EA9F00B43B82 /* MovieViewController.swift */,
				D929E3C71C09EA9F00B43B82 /* MovieViewController.xib */,
			);
			path = Controller;
			sourceTree = "<group>";
		};
		D929E3B71C09E9F400B43B82 /* Model */ = {
			isa = PBXGroup;
			children = (
				D929E3D31C0A010F00B43B82 /* SEMoiveModel.swift */,
			);
			path = Model;
			sourceTree = "<group>";
		};
		D929E3B81C09E9F400B43B82 /* View */ = {
			isa = PBXGroup;
			children = (
				D93FE2021C0A3A84005A1972 /* SEMovieTableViewCell.swift */,
				D93FE2031C0A3A84005A1972 /* SEMovieTableViewCell.xib */,
			);
			path = View;
			sourceTree = "<group>";
		};
		D929E3B91C09E9F400B43B82 /* Setting */ = {
			isa = PBXGroup;
			children = (
				D929E3BA1C09E9F400B43B82 /* Controller */,
				D929E3BB1C09E9F400B43B82 /* Model */,
				D929E3BC1C09E9F400B43B82 /* View */,
			);
			path = Setting;
			sourceTree = "<group>";
		};
		D929E3BA1C09E9F400B43B82 /* Controller */ = {
			isa = PBXGroup;
			children = (
				D929E3CA1C09EAB300B43B82 /* SettingViewController.swift */,
				D929E3CB1C09EAB300B43B82 /* SettingViewController.xib */,
			);
			path = Controller;
			sourceTree = "<group>";
		};
		D929E3BB1C09E9F400B43B82 /* Model */ = {
			isa = PBXGroup;
			children = (
			);
			path = Model;
			sourceTree = "<group>";
		};
		D929E3BC1C09E9F400B43B82 /* View */ = {
			isa = PBXGroup;
			children = (
			);
			path = View;
			sourceTree = "<group>";
		};
		D929E3BD1C09E9F400B43B82 /* Vender */ = {
			isa = PBXGroup;
			children = (
				D99F47ED1C0B1D7C00671F0C /* DGRunkeeperSwitch */,
			);
			path = Vender;
			sourceTree = "<group>";
		};
		D929E3D01C09ED6B00B43B82 /* Base */ = {
			isa = PBXGroup;
			children = (
				D929E3D11C09ED8A00B43B82 /* SENavViewController.swift */,
			);
			path = Base;
			sourceTree = "<group>";
		};
		D950C8171C0A9F0F00FB2944 /* SwiftColors */ = {
			isa = PBXGroup;
			children = (
				D950C8181C0A9F0F00FB2944 /* Info.plist */,
				D950C8191C0A9F0F00FB2944 /* SwiftColors.h */,
				D950C81A1C0A9F0F00FB2944 /* SwiftColors.swift */,
			);
			path = SwiftColors;
			sourceTree = "<group>";
		};
		D99F47ED1C0B1D7C00671F0C /* DGRunkeeperSwitch */ = {
			isa = PBXGroup;
			children = (
				D99F47EE1C0B1D7C00671F0C /* DGRunkeeperSwitch.swift */,
			);
			path = DGRunkeeperSwitch;
			sourceTree = "<group>";
		};
/* End PBXGroup section */

/* Begin PBXNativeTarget section */
		D90721E61C09D92E0091170A /* NetEaseMoive */ = {
			isa = PBXNativeTarget;
			buildConfigurationList = D90721F91C09D92E0091170A /* Build configuration list for PBXNativeTarget "NetEaseMoive" */;
			buildPhases = (
				2CCE1BE5C8ABF8600710BE21 /* Check Pods Manifest.lock */,
				D90721E31C09D92E0091170A /* Sources */,
				D90721E41C09D92E0091170A /* Frameworks */,
				D90721E51C09D92E0091170A /* Resources */,
				48805357C82E5A6AD5D1E98B /* Embed Pods Frameworks */,
				5AE309697B278A6C063BAE4B /* Copy Pods Resources */,
			);
			buildRules = (
			);
			dependencies = (
			);
			name = NetEaseMoive;
			productName = NetEaseMoive;
			productReference = D90721E71C09D92E0091170A /* NetEaseMoive.app */;
			productType = "com.apple.product-type.application";
		};
/* End PBXNativeTarget section */

/* Begin PBXProject section */
		D90721DF1C09D92E0091170A /* Project object */ = {
			isa = PBXProject;
			attributes = {
				LastSwiftUpdateCheck = 0710;
				LastUpgradeCheck = 0710;
				ORGANIZATIONNAME = swiftMe;
				TargetAttributes = {
					D90721E61C09D92E0091170A = {
						CreatedOnToolsVersion = 7.1;
						DevelopmentTeam = RVPQ839S8M;
					};
				};
			};
			buildConfigurationList = D90721E21C09D92E0091170A /* Build configuration list for PBXProject "NetEaseMoive" */;
			compatibilityVersion = "Xcode 3.2";
			developmentRegion = English;
			hasScannedForEncodings = 0;
			knownRegions = (
				en,
				Base,
			);
			mainGroup = D90721DE1C09D92E0091170A;
			productRefGroup = D90721E81C09D92E0091170A /* Products */;
			projectDirPath = "";
			projectRoot = "";
			targets = (
				D90721E61C09D92E0091170A /* NetEaseMoive */,
			);
		};
/* End PBXProject section */

/* Begin PBXResourcesBuildPhase section */
		D90721E51C09D92E0091170A /* Resources */ = {
			isa = PBXResourcesBuildPhase;
			buildActionMask = 2147483647;
			files = (
				D929E3CD1C09EAB300B43B82 /* SettingViewController.xib in Resources */,
				D950C81B1C0A9F0F00FB2944 /* Info.plist in Resources */,
				D929E3C11C09EA6600B43B82 /* CinemaViewController.xib in Resources */,
				1CB73B801C0A135600BEC758 /* SECinemaCell.xib in Resources */,
				D90721F21C09D92E0091170A /* Assets.xcassets in Resources */,
				D929E3C91C09EA9F00B43B82 /* MovieViewController.xib in Resources */,
				D93FE2051C0A3A84005A1972 /* SEMovieTableViewCell.xib in Resources */,
				D929E3C51C09EA7C00B43B82 /* DiscoveryViewController.xib in Resources */,
			);
			runOnlyForDeploymentPostprocessing = 0;
		};
/* End PBXResourcesBuildPhase section */

/* Begin PBXShellScriptBuildPhase section */
		2CCE1BE5C8ABF8600710BE21 /* Check Pods Manifest.lock */ = {
			isa = PBXShellScriptBuildPhase;
			buildActionMask = 2147483647;
			files = (
			);
			inputPaths = (
			);
			name = "Check Pods Manifest.lock";
			outputPaths = (
			);
			runOnlyForDeploymentPostprocessing = 0;
			shellPath = /bin/sh;
			shellScript = "diff \"${PODS_ROOT}/../Podfile.lock\" \"${PODS_ROOT}/Manifest.lock\" > /dev/null\nif [[ $? != 0 ]] ; then\n    cat << EOM\nerror: The sandbox is not in sync with the Podfile.lock. Run 'pod install' or update your CocoaPods installation.\nEOM\n    exit 1\nfi\n";
			showEnvVarsInLog = 0;
		};
		48805357C82E5A6AD5D1E98B /* Embed Pods Frameworks */ = {
			isa = PBXShellScriptBuildPhase;
			buildActionMask = 2147483647;
			files = (
			);
			inputPaths = (
			);
			name = "Embed Pods Frameworks";
			outputPaths = (
			);
			runOnlyForDeploymentPostprocessing = 0;
			shellPath = /bin/sh;
			shellScript = "\"${SRCROOT}/Pods/Target Support Files/Pods-NetEaseMoive/Pods-NetEaseMoive-frameworks.sh\"\n";
			showEnvVarsInLog = 0;
		};
		5AE309697B278A6C063BAE4B /* Copy Pods Resources */ = {
			isa = PBXShellScriptBuildPhase;
			buildActionMask = 2147483647;
			files = (
			);
			inputPaths = (
			);
			name = "Copy Pods Resources";
			outputPaths = (
			);
			runOnlyForDeploymentPostprocessing = 0;
			shellPath = /bin/sh;
			shellScript = "\"${SRCROOT}/Pods/Target Support Files/Pods-NetEaseMoive/Pods-NetEaseMoive-resources.sh\"\n";
			showEnvVarsInLog = 0;
		};
/* End PBXShellScriptBuildPhase section */

/* Begin PBXSourcesBuildPhase section */
		D90721E31C09D92E0091170A /* Sources */ = {
			isa = PBXSourcesBuildPhase;
			buildActionMask = 2147483647;
			files = (
				D950C81C1C0A9F0F00FB2944 /* SwiftColors.swift in Sources */,
				D929E3CC1C09EAB300B43B82 /* SettingViewController.swift in Sources */,
				1CB73B7F1C0A135600BEC758 /* SECinemaCell.swift in Sources */,
				D90721EB1C09D92E0091170A /* AppDelegate.swift in Sources */,
				D99F47EF1C0B1D7C00671F0C /* DGRunkeeperSwitch.swift in Sources */,
				D929E3CF1C09EB9D00B43B82 /* SETabbarViewController.swift in Sources */,
				D99F47F11C0B239600671F0C /* SEUIConfigCenter.swift in Sources */,
				D929E3C41C09EA7C00B43B82 /* DiscoveryViewController.swift in Sources */,
				1CB73B7C1C0A130E00BEC758 /* SECinemaModel.swift in Sources */,
				D929E3C01C09EA6600B43B82 /* CinemaViewController.swift in Sources */,
				D929E3C81C09EA9F00B43B82 /* MovieViewController.swift in Sources */,
				D929E3D41C0A010F00B43B82 /* SEMoiveModel.swift in Sources */,
				D93FE2041C0A3A84005A1972 /* SEMovieTableViewCell.swift in Sources */,
				D929E3D21C09ED8A00B43B82 /* SENavViewController.swift in Sources */,
			);
			runOnlyForDeploymentPostprocessing = 0;
		};
/* End PBXSourcesBuildPhase section */

/* Begin XCBuildConfiguration section */
		D90721F71C09D92E0091170A /* Debug */ = {
			isa = XCBuildConfiguration;
			buildSettings = {
				ALWAYS_SEARCH_USER_PATHS = NO;
				CLANG_CXX_LANGUAGE_STANDARD = "gnu++0x";
				CLANG_CXX_LIBRARY = "libc++";
				CLANG_ENABLE_MODULES = YES;
				CLANG_ENABLE_OBJC_ARC = YES;
				CLANG_WARN_BOOL_CONVERSION = YES;
				CLANG_WARN_CONSTANT_CONVERSION = YES;
				CLANG_WARN_DIRECT_OBJC_ISA_USAGE = YES_ERROR;
				CLANG_WARN_EMPTY_BODY = YES;
				CLANG_WARN_ENUM_CONVERSION = YES;
				CLANG_WARN_INT_CONVERSION = YES;
				CLANG_WARN_OBJC_ROOT_CLASS = YES_ERROR;
				CLANG_WARN_UNREACHABLE_CODE = YES;
				CLANG_WARN__DUPLICATE_METHOD_MATCH = YES;
				"CODE_SIGN_IDENTITY[sdk=iphoneos*]" = "iPhone Developer";
				COPY_PHASE_STRIP = NO;
				DEBUG_INFORMATION_FORMAT = dwarf;
				ENABLE_STRICT_OBJC_MSGSEND = YES;
				ENABLE_TESTABILITY = YES;
				GCC_C_LANGUAGE_STANDARD = gnu99;
				GCC_DYNAMIC_NO_PIC = NO;
				GCC_NO_COMMON_BLOCKS = YES;
				GCC_OPTIMIZATION_LEVEL = 0;
				GCC_PREPROCESSOR_DEFINITIONS = (
					"DEBUG=1",
					"$(inherited)",
				);
				GCC_WARN_64_TO_32_BIT_CONVERSION = YES;
				GCC_WARN_ABOUT_RETURN_TYPE = YES_ERROR;
				GCC_WARN_UNDECLARED_SELECTOR = YES;
				GCC_WARN_UNINITIALIZED_AUTOS = YES_AGGRESSIVE;
				GCC_WARN_UNUSED_FUNCTION = YES;
				GCC_WARN_UNUSED_VARIABLE = YES;
				IPHONEOS_DEPLOYMENT_TARGET = 9.1;
				MTL_ENABLE_DEBUG_INFO = YES;
				ONLY_ACTIVE_ARCH = YES;
				SDKROOT = iphoneos;
				SWIFT_OPTIMIZATION_LEVEL = "-Onone";
			};
			name = Debug;
		};
		D90721F81C09D92E0091170A /* Release */ = {
			isa = XCBuildConfiguration;
			buildSettings = {
				ALWAYS_SEARCH_USER_PATHS = NO;
				CLANG_CXX_LANGUAGE_STANDARD = "gnu++0x";
				CLANG_CXX_LIBRARY = "libc++";
				CLANG_ENABLE_MODULES = YES;
				CLANG_ENABLE_OBJC_ARC = YES;
				CLANG_WARN_BOOL_CONVERSION = YES;
				CLANG_WARN_CONSTANT_CONVERSION = YES;
				CLANG_WARN_DIRECT_OBJC_ISA_USAGE = YES_ERROR;
				CLANG_WARN_EMPTY_BODY = YES;
				CLANG_WARN_ENUM_CONVERSION = YES;
				CLANG_WARN_INT_CONVERSION = YES;
				CLANG_WARN_OBJC_ROOT_CLASS = YES_ERROR;
				CLANG_WARN_UNREACHABLE_CODE = YES;
				CLANG_WARN__DUPLICATE_METHOD_MATCH = YES;
				"CODE_SIGN_IDENTITY[sdk=iphoneos*]" = "iPhone Developer";
				COPY_PHASE_STRIP = NO;
				DEBUG_INFORMATION_FORMAT = "dwarf-with-dsym";
				ENABLE_NS_ASSERTIONS = NO;
				ENABLE_STRICT_OBJC_MSGSEND = YES;
				GCC_C_LANGUAGE_STANDARD = gnu99;
				GCC_NO_COMMON_BLOCKS = YES;
				GCC_WARN_64_TO_32_BIT_CONVERSION = YES;
				GCC_WARN_ABOUT_RETURN_TYPE = YES_ERROR;
				GCC_WARN_UNDECLARED_SELECTOR = YES;
				GCC_WARN_UNINITIALIZED_AUTOS = YES_AGGRESSIVE;
				GCC_WARN_UNUSED_FUNCTION = YES;
				GCC_WARN_UNUSED_VARIABLE = YES;
				IPHONEOS_DEPLOYMENT_TARGET = 9.1;
				MTL_ENABLE_DEBUG_INFO = NO;
				SDKROOT = iphoneos;
				VALIDATE_PRODUCT = YES;
			};
			name = Release;
		};
		D90721FA1C09D92E0091170A /* Debug */ = {
			isa = XCBuildConfiguration;
			baseConfigurationReference = 99B9FCE187A5AFF071275A92 /* Pods-NetEaseMoive.debug.xcconfig */;
			buildSettings = {
				ASSETCATALOG_COMPILER_APPICON_NAME = AppIcon;
				ASSETCATALOG_COMPILER_LAUNCHIMAGE_NAME = LaunchImage;
				CLANG_ENABLE_MODULES = YES;
				CODE_SIGN_IDENTITY = "iPhone Developer";
				INFOPLIST_FILE = NetEaseMoive/Info.plist;
				LD_RUNPATH_SEARCH_PATHS = "$(inherited) @executable_path/Frameworks";
				PRODUCT_BUNDLE_IDENTIFIER = SE.NetEaseMoive;
				PRODUCT_NAME = "$(TARGET_NAME)";
				SWIFT_OBJC_BRIDGING_HEADER = "NetEaseMoive/Helper/NetEaseMoive-Bridging-Header.h";
				SWIFT_OPTIMIZATION_LEVEL = "-Onone";
			};
			name = Debug;
		};
		D90721FB1C09D92E0091170A /* Release */ = {
			isa = XCBuildConfiguration;
			baseConfigurationReference = FBDDCCC3B7EC21D55E8B2E91 /* Pods-NetEaseMoive.release.xcconfig */;
			buildSettings = {
				ASSETCATALOG_COMPILER_APPICON_NAME = AppIcon;
				ASSETCATALOG_COMPILER_LAUNCHIMAGE_NAME = LaunchImage;
				CLANG_ENABLE_MODULES = YES;
				CODE_SIGN_IDENTITY = "iPhone Developer";
				INFOPLIST_FILE = NetEaseMoive/Info.plist;
				LD_RUNPATH_SEARCH_PATHS = "$(inherited) @executable_path/Frameworks";
				PRODUCT_BUNDLE_IDENTIFIER = SE.NetEaseMoive;
				PRODUCT_NAME = "$(TARGET_NAME)";
				SWIFT_OBJC_BRIDGING_HEADER = "NetEaseMoive/Helper/NetEaseMoive-Bridging-Header.h";
			};
			name = Release;
		};
/* End XCBuildConfiguration section */

/* Begin XCConfigurationList section */
		D90721E21C09D92E0091170A /* Build configuration list for PBXProject "NetEaseMoive" */ = {
			isa = XCConfigurationList;
			buildConfigurations = (
				D90721F71C09D92E0091170A /* Debug */,
				D90721F81C09D92E0091170A /* Release */,
			);
			defaultConfigurationIsVisible = 0;
			defaultConfigurationName = Release;
		};
		D90721F91C09D92E0091170A /* Build configuration list for PBXNativeTarget "NetEaseMoive" */ = {
			isa = XCConfigurationList;
			buildConfigurations = (
				D90721FA1C09D92E0091170A /* Debug */,
				D90721FB1C09D92E0091170A /* Release */,
			);
			defaultConfigurationIsVisible = 0;
			defaultConfigurationName = Release;
		};
/* End XCConfigurationList section */
	};
	rootObject = D90721DF1C09D92E0091170A /* Project object */;
}
